
Microsoft Visual Studio Solution File, Format Version 12.00
# Visual Studio Version 17
VisualStudioVersion = 17.2.32630.192
MinimumVisualStudioVersion = 10.0.40219.1
Project("{FAE04EC0-301F-11D3-BF4B-00C04F79EFBC}") = "H1 Bo Godt", "H1 Bo Godt\H1 Bo Godt.csproj", "{6F9E49CF-B7B8-4101-BE05-E0BDAC8A7BE8}"
EndProject
Global
	GlobalSection(SolutionConfigurationPlatforms) = preSolution
		Debug|Any CPU = Debug|Any CPU
		Release|Any CPU = Release|Any CPU
	EndGlobalSection
	GlobalSection(ProjectConfigurationPlatforms) = postSolution
		{6F9E49CF-B7B8-4101-BE05-E0BDAC8A7BE8}.Debug|Any CPU.ActiveCfg = Debug|Any CPU
		{6F9E49CF-B7B8-4101-BE05-E0BDAC8A7BE8}.Debug|Any CPU.Build.0 = Debug|Any CPU
		{6F9E49CF-B7B8-4101-BE05-E0BDAC8A7BE8}.Release|Any CPU.ActiveCfg = Release|Any CPU
		{6F9E49CF-B7B8-4101-BE05-E0BDAC8A7BE8}.Release|Any CPU.Build.0 = Release|Any CPU
	EndGlobalSection
	GlobalSection(SolutionProperties) = preSolution
		HideSolutionNode = FALSE
	EndGlobalSection
	GlobalSection(ExtensibilityGlobals) = postSolution
		SolutionGuid = {B18CB897-61D2-4563-8794-7E4610D8936B}
	EndGlobalSection
EndGlobal
